
Microsoft Visual Studio Solution File, Format Version 12.00
# Visual Studio 15
Project("{FAE04EC0-301F-11D3-BF4B-00C04F79EFBC}") = "GenericsExercise", "GenericsExercise\GenericsExercise.csproj", "{87DB2E5B-5682-41F6-A6D1-7FFF8A6F51D3}"
EndProject
Global
	GlobalSection(SolutionConfigurationPlatforms) = preSolution
		Debug|Any CPU = Debug|Any CPU
		Release|Any CPU = Release|Any CPU
	EndGlobalSection
	GlobalSection(ProjectConfigurationPlatforms) = postSolution
		{87DB2E5B-5682-41F6-A6D1-7FFF8A6F51D3}.Debug|Any CPU.ActiveCfg = Debug|Any CPU
		{87DB2E5B-5682-41F6-A6D1-7FFF8A6F51D3}.Debug|Any CPU.Build.0 = Debug|Any CPU
		{87DB2E5B-5682-41F6-A6D1-7FFF8A6F51D3}.Release|Any CPU.ActiveCfg = Release|Any CPU
		{87DB2E5B-5682-41F6-A6D1-7FFF8A6F51D3}.Release|Any CPU.Build.0 = Release|Any CPU
	EndGlobalSection
EndGlobal
